<?xml version="1.0" encoding="utf-8"?>
<Project ToolsVersion="4.0" xmlns="http://schemas.microsoft.com/developer/msbuild/2003">
  <ItemGroup>
    <Filter Include="Source Files">
      <UniqueIdentifier>{4FC737F1-C7A5-4376-A066-2A32D752A2FF}</UniqueIdentifier>
      <Extensions>cpp;c;cc;cxx;c++;cppm;ixx;def;odl;idl;hpj;bat;asm;asmx</Extensions>
    </Filter>
    <Filter Include="Header Files">
      <UniqueIdentifier>{93995380-89BD-4b04-88EB-625FBE52EBFB}</UniqueIdentifier>
      <Extensions>h;hh;hpp;hxx;h++;hm;inl;inc;ipp;xsd</Extensions>
    </Filter>
    <Filter Include="Resource Files">
      <UniqueIdentifier>{67DA6AB6-F800-4c08-8B7A-83BB121AAD01}</UniqueIdentifier>
      <Extensions>rc;ico;cur;bmp;dlg;rc2;rct;bin;rgs;gif;jpg;jpeg;jpe;resx;tiff;tif;png;wav;mfcribbon-ms</Extensions>
    </Filter>
  </ItemGroup>
  <ItemGroup>
    <ClCompile Include="src\engine\pch.cpp">
      <Filter>Source Files</Filter>
    </ClCompile>
    <ClCompile Include="src\engine\common\math.cpp">
      <Filter>Source Files</Filter>
    </ClCompile>
    <ClCompile Include="src\engine\_platform\windows\console\w_console.cpp">
      <Filter>Source Files</Filter>
    </ClCompile>
    <ClCompile Include="src\engine\_platform\windows\window\w_window.cpp">
      <Filter>Source Files</Filter>
    </ClCompile>
    <ClCompile Include="src\engine\_platform\windows\entrypoint\entrypoint.cpp">
      <Filter>Source Files</Filter>
    </ClCompile>
    <ClCompile Include="src\engine\_wrappers\console\console_wrapper.cpp">
      <Filter>Source Files</Filter>
    </ClCompile>
    <ClCompile Include="src\engine\_wrappers\graphics\graphics_wrapper.cpp">
      <Filter>Source Files</Filter>
    </ClCompile>
    <ClCompile Include="src\engine\_wrappers\window\window_wrapper.cpp">
      <Filter>Source Files</Filter>
    </ClCompile>
    <ClCompile Include="src\engine\_platform\vulkan\vk.cpp">
      <Filter>Source Files</Filter>
    </ClCompile>
    <ClCompile Include="src\engine\_platform\vulkan\windows\vk_w_window.cpp">
      <Filter>Source Files</Filter>
    </ClCompile>
    <ClCompile Include="src\engine\_platform\vulkan\vk_device.cpp">
      <Filter>Source Files</Filter>
    </ClCompile>
    <ClCompile Include="src\engine\_platform\vulkan\vk_instance.cpp">
      <Filter>Source Files</Filter>
    </ClCompile>
    <ClCompile Include="src\engine\_platform\vulkan\vk_surface.cpp">
      <Filter>Source Files</Filter>
    </ClCompile>
    <ClCompile Include="src\engine\_platform\vulkan\vk_swapchain.cpp">
      <Filter>Source Files</Filter>
    </ClCompile>
    <ClCompile Include="src\engine\_platform\vulkan\vk_queue.cpp">
      <Filter>Source Files</Filter>
    </ClCompile>
    <ClCompile Include="src\engine\_platform\vulkan\vk_pipeline.cpp">
      <Filter>Source Files</Filter>
    </ClCompile>
    <ClCompile Include="src\engine\game\game.cpp">
      <Filter>Source Files</Filter>
    </ClCompile>
    <ClCompile Include="src\engine\_wrappers\file\file_wrapper.cpp">
      <Filter>Source Files</Filter>
    </ClCompile>
    <ClCompile Include="src\engine\setup\setup.cpp">
      <Filter>Source Files</Filter>
    </ClCompile>
    <ClCompile Include="src\engine\setup\callback_setters.cpp">
      <Filter>Source Files</Filter>
    </ClCompile>
    <ClCompile Include="src\engine\_platform\vulkan\vk_renderpass.cpp">
      <Filter>Source Files</Filter>
    </ClCompile>
    <ClCompile Include="src\engine\_platform\vulkan\vk_framebuffer.cpp">
      <Filter>Source Files</Filter>
    </ClCompile>
  </ItemGroup>
  <ItemGroup>
    <ClInclude Include="src\engine\common\math.h">
      <Filter>Header Files</Filter>
    </ClInclude>
    <ClInclude Include="src\engine\pch.h">
      <Filter>Header Files</Filter>
    </ClInclude>
    <ClInclude Include="src\engine\common\vec\vec.h">
      <Filter>Header Files</Filter>
    </ClInclude>
    <ClInclude Include="src\engine\common\vec\vec3.h">
      <Filter>Header Files</Filter>
    </ClInclude>
    <ClInclude Include="src\engine\_platform\windows\console\w_console.h">
      <Filter>Header Files</Filter>
    </ClInclude>
    <ClInclude Include="src\engine\_platform\windows\window\w_window.h">
      <Filter>Header Files</Filter>
    </ClInclude>
    <ClInclude Include="src\engine\_platform\vulkan\vk.h">
      <Filter>Header Files</Filter>
    </ClInclude>
    <ClInclude Include="src\engine\common\vec\vec_base.h">
      <Filter>Header Files</Filter>
    </ClInclude>
    <ClInclude Include="src\engine\_platform\windows\entrypoint\win_instance.h">
      <Filter>Header Files</Filter>
    </ClInclude>
    <ClInclude Include="src\engine\_wrappers\console\console_wrapper.h">
      <Filter>Header Files</Filter>
    </ClInclude>
    <ClInclude Include="src\engine\_wrappers\graphics\graphics_wrapper.h">
      <Filter>Header Files</Filter>
    </ClInclude>
    <ClInclude Include="src\engine\_wrappers\window\window_wrapper.h">
      <Filter>Header Files</Filter>
    </ClInclude>
    <ClInclude Include="src\engine\_platform\vulkan\windows\vk_w_window.h">
      <Filter>Header Files</Filter>
    </ClInclude>
    <ClInclude Include="src\engine\_platform\vulkan\vk_device.h">
      <Filter>Header Files</Filter>
    </ClInclude>
    <ClInclude Include="src\engine\_platform\vulkan\vk_instance.h">
      <Filter>Header Files</Filter>
    </ClInclude>
    <ClInclude Include="src\engine\_platform\vulkan\vk_surface.h">
      <Filter>Header Files</Filter>
    </ClInclude>
    <ClInclude Include="src\engine\_platform\vulkan\vk_swapchain.h">
      <Filter>Header Files</Filter>
    </ClInclude>
    <ClInclude Include="src\engine\_platform\vulkan\vk_queue.h">
      <Filter>Header Files</Filter>
    </ClInclude>
    <ClInclude Include="src\engine\_platform\vulkan\vk_pipeline.h">
      <Filter>Header Files</Filter>
    </ClInclude>
    <ClInclude Include="src\engine\game\game.h">
      <Filter>Header Files</Filter>
    </ClInclude>
    <ClInclude Include="src\engine.h">
      <Filter>Header Files</Filter>
    </ClInclude>
    <ClInclude Include="src\engine\_platform\windows\entrypoint\entrypoint.h">
      <Filter>Header Files</Filter>
    </ClInclude>
    <ClInclude Include="src\engine\api.h">
      <Filter>Header Files</Filter>
    </ClInclude>
    <ClInclude Include="src\engine\platform.h">
      <Filter>Header Files</Filter>
    </ClInclude>
    <ClInclude Include="src\engine\_wrappers\file\file_wrapper.h">
      <Filter>Header Files</Filter>
    </ClInclude>
    <ClInclude Include="src\engine\setup\setup.h">
      <Filter>Header Files</Filter>
    </ClInclude>
    <ClInclude Include="src\engine\setup\callback_setters.h">
      <Filter>Header Files</Filter>
    </ClInclude>
    <ClInclude Include="src\engine\setup\callbacks.h">
      <Filter>Header Files</Filter>
    </ClInclude>
    <ClInclude Include="src\engine\_wrappers\console\console_prints.h">
      <Filter>Header Files</Filter>
    </ClInclude>
    <ClInclude Include="src\engine\core.h">
      <Filter>Header Files</Filter>
    </ClInclude>
    <ClInclude Include="src\engine\_platform\vulkan\vk_renderpass.h">
      <Filter>Header Files</Filter>
    </ClInclude>
    <ClInclude Include="src\engine\_platform\vulkan\vk_framebuffer.h">
      <Filter>Header Files</Filter>
    </ClInclude>
  </ItemGroup>
  <ItemGroup>
    <None Include="core\shaders\test_vert.vert" />
    <None Include="core\shaders\test.vert" />
    <None Include="core\shaders\test.frag" />
  </ItemGroup>
</Project>